
Microsoft Visual Studio Solution File, Format Version 12.00
# Visual Studio Version 16
VisualStudioVersion = 16.0.32802.440
MinimumVisualStudioVersion = 10.0.40219.1
Project("{FAE04EC0-301F-11D3-BF4B-00C04F79EFBC}") = "Eportafolio", "Eportafolio\Eportafolio.csproj", "{77FD4213-0805-4057-9315-A1BDA47DF210}"
EndProject
Global
	GlobalSection(SolutionConfigurationPlatforms) = preSolution
		Debug|Any CPU = Debug|Any CPU
		Release|Any CPU = Release|Any CPU
	EndGlobalSection
	GlobalSection(ProjectConfigurationPlatforms) = postSolution
		{77FD4213-0805-4057-9315-A1BDA47DF210}.Debug|Any CPU.ActiveCfg = Debug|Any CPU
		{77FD4213-0805-4057-9315-A1BDA47DF210}.Debug|Any CPU.Build.0 = Debug|Any CPU
		{77FD4213-0805-4057-9315-A1BDA47DF210}.Release|Any CPU.ActiveCfg = Release|Any CPU
		{77FD4213-0805-4057-9315-A1BDA47DF210}.Release|Any CPU.Build.0 = Release|Any CPU
	EndGlobalSection
	GlobalSection(SolutionProperties) = preSolution
		HideSolutionNode = FALSE
	EndGlobalSection
	GlobalSection(ExtensibilityGlobals) = postSolution
		SolutionGuid = {D79E8C64-FA7F-4AED-9538-02898D905A15}
	EndGlobalSection
EndGlobal
